
Microsoft Visual Studio Solution File, Format Version 12.00
# Visual Studio Version 16
VisualStudioVersion = 16.0.31105.61
MinimumVisualStudioVersion = 10.0.40219.1
Project("{FAE04EC0-301F-11D3-BF4B-00C04F79EFBC}") = "EntityFramework", "EntityFramework\EntityFramework.csproj", "{530C1BF8-E4FE-4767-82BC-78D80748343B}"
EndProject
Project("{FAE04EC0-301F-11D3-BF4B-00C04F79EFBC}") = "EntityFramework.Database", "EntityFramework.Database\EntityFramework.Database.csproj", "{37501417-3803-416A-B786-32B3975D9AEA}"
EndProject
Global
	GlobalSection(SolutionConfigurationPlatforms) = preSolution
		Debug|Any CPU = Debug|Any CPU
		Release|Any CPU = Release|Any CPU
	EndGlobalSection
	GlobalSection(ProjectConfigurationPlatforms) = postSolution
		{530C1BF8-E4FE-4767-82BC-78D80748343B}.Debug|Any CPU.ActiveCfg = Debug|Any CPU
		{530C1BF8-E4FE-4767-82BC-78D80748343B}.Debug|Any CPU.Build.0 = Debug|Any CPU
		{530C1BF8-E4FE-4767-82BC-78D80748343B}.Release|Any CPU.ActiveCfg = Release|Any CPU
		{530C1BF8-E4FE-4767-82BC-78D80748343B}.Release|Any CPU.Build.0 = Release|Any CPU
		{37501417-3803-416A-B786-32B3975D9AEA}.Debug|Any CPU.ActiveCfg = Debug|Any CPU
		{37501417-3803-416A-B786-32B3975D9AEA}.Debug|Any CPU.Build.0 = Debug|Any CPU
		{37501417-3803-416A-B786-32B3975D9AEA}.Release|Any CPU.ActiveCfg = Release|Any CPU
		{37501417-3803-416A-B786-32B3975D9AEA}.Release|Any CPU.Build.0 = Release|Any CPU
	EndGlobalSection
	GlobalSection(SolutionProperties) = preSolution
		HideSolutionNode = FALSE
	EndGlobalSection
	GlobalSection(ExtensibilityGlobals) = postSolution
		SolutionGuid = {4A7073C8-7B30-42B1-91C3-EE823777DFE2}
	EndGlobalSection
EndGlobal
